
Microsoft Visual Studio Solution File, Format Version 12.00
# Visual Studio 2013
VisualStudioVersion = 12.0.21005.1
MinimumVisualStudioVersion = 10.0.40219.1
Project("{FAE04EC0-301F-11D3-BF4B-00C04F79EFBC}") = "OrderMasterDetails", "WebApplication11\OrderMasterDetails.csproj", "{E30FCE47-2EE6-4196-AA7B-3340B9012457}"
EndProject
Project("{FAE04EC0-301F-11D3-BF4B-00C04F79EFBC}") = "Service", "BLL\Service.csproj", "{B2817DD8-7223-4A48-908F-63BFAB984F79}"
EndProject
Project("{FAE04EC0-301F-11D3-BF4B-00C04F79EFBC}") = "DAL", "DLL\DAL.csproj", "{0BF91891-B562-4A0B-9966-90CACFA885DB}"
EndProject
Project("{FAE04EC0-301F-11D3-BF4B-00C04F79EFBC}") = "Models", "Model\Models.csproj", "{9FA99593-F56E-48F0-B018-97896A46581E}"
EndProject
Project("{FAE04EC0-301F-11D3-BF4B-00C04F79EFBC}") = "Repository", "Repository\Repository.csproj", "{D0CDF431-760B-4624-8FBD-E8D94E5CCB5F}"
EndProject
Global
	GlobalSection(SolutionConfigurationPlatforms) = preSolution
		Debug|Any CPU = Debug|Any CPU
		Release|Any CPU = Release|Any CPU
	EndGlobalSection
	GlobalSection(ProjectConfigurationPlatforms) = postSolution
		{E30FCE47-2EE6-4196-AA7B-3340B9012457}.Debug|Any CPU.ActiveCfg = Debug|Any CPU
		{E30FCE47-2EE6-4196-AA7B-3340B9012457}.Debug|Any CPU.Build.0 = Debug|Any CPU
		{E30FCE47-2EE6-4196-AA7B-3340B9012457}.Release|Any CPU.ActiveCfg = Release|Any CPU
		{E30FCE47-2EE6-4196-AA7B-3340B9012457}.Release|Any CPU.Build.0 = Release|Any CPU
		{B2817DD8-7223-4A48-908F-63BFAB984F79}.Debug|Any CPU.ActiveCfg = Debug|Any CPU
		{B2817DD8-7223-4A48-908F-63BFAB984F79}.Debug|Any CPU.Build.0 = Debug|Any CPU
		{B2817DD8-7223-4A48-908F-63BFAB984F79}.Release|Any CPU.ActiveCfg = Release|Any CPU
		{B2817DD8-7223-4A48-908F-63BFAB984F79}.Release|Any CPU.Build.0 = Release|Any CPU
		{0BF91891-B562-4A0B-9966-90CACFA885DB}.Debug|Any CPU.ActiveCfg = Debug|Any CPU
		{0BF91891-B562-4A0B-9966-90CACFA885DB}.Debug|Any CPU.Build.0 = Debug|Any CPU
		{0BF91891-B562-4A0B-9966-90CACFA885DB}.Release|Any CPU.ActiveCfg = Release|Any CPU
		{0BF91891-B562-4A0B-9966-90CACFA885DB}.Release|Any CPU.Build.0 = Release|Any CPU
		{9FA99593-F56E-48F0-B018-97896A46581E}.Debug|Any CPU.ActiveCfg = Debug|Any CPU
		{9FA99593-F56E-48F0-B018-97896A46581E}.Debug|Any CPU.Build.0 = Debug|Any CPU
		{9FA99593-F56E-48F0-B018-97896A46581E}.Release|Any CPU.ActiveCfg = Release|Any CPU
		{9FA99593-F56E-48F0-B018-97896A46581E}.Release|Any CPU.Build.0 = Release|Any CPU
		{D0CDF431-760B-4624-8FBD-E8D94E5CCB5F}.Debug|Any CPU.ActiveCfg = Debug|Any CPU
		{D0CDF431-760B-4624-8FBD-E8D94E5CCB5F}.Debug|Any CPU.Build.0 = Debug|Any CPU
		{D0CDF431-760B-4624-8FBD-E8D94E5CCB5F}.Release|Any CPU.ActiveCfg = Release|Any CPU
		{D0CDF431-760B-4624-8FBD-E8D94E5CCB5F}.Release|Any CPU.Build.0 = Release|Any CPU
	EndGlobalSection
	GlobalSection(SolutionProperties) = preSolution
		HideSolutionNode = FALSE
	EndGlobalSection
EndGlobal
